
Microsoft Visual Studio Solution File, Format Version 12.00
# Visual Studio 14
VisualStudioVersion = 14.0.25420.1
MinimumVisualStudioVersion = 10.0.40219.1
Project("{FAE04EC0-301F-11D3-BF4B-00C04F79EFBC}") = "SquareRoot", "SquareRoot\SquareRoot.csproj", "{915185BF-0173-4B0B-8755-BA42F58B4B53}"
EndProject
Project("{FAE04EC0-301F-11D3-BF4B-00C04F79EFBC}") = "EnterNumbers", "EnterNumbers\EnterNumbers.csproj", "{B2CF74BC-5F4A-473A-852A-B831C5B5F32D}"
EndProject
Global
	GlobalSection(SolutionConfigurationPlatforms) = preSolution
		Debug|Any CPU = Debug|Any CPU
		Release|Any CPU = Release|Any CPU
	EndGlobalSection
	GlobalSection(ProjectConfigurationPlatforms) = postSolution
		{915185BF-0173-4B0B-8755-BA42F58B4B53}.Debug|Any CPU.ActiveCfg = Debug|Any CPU
		{915185BF-0173-4B0B-8755-BA42F58B4B53}.Debug|Any CPU.Build.0 = Debug|Any CPU
		{915185BF-0173-4B0B-8755-BA42F58B4B53}.Release|Any CPU.ActiveCfg = Release|Any CPU
		{915185BF-0173-4B0B-8755-BA42F58B4B53}.Release|Any CPU.Build.0 = Release|Any CPU
		{B2CF74BC-5F4A-473A-852A-B831C5B5F32D}.Debug|Any CPU.ActiveCfg = Debug|Any CPU
		{B2CF74BC-5F4A-473A-852A-B831C5B5F32D}.Debug|Any CPU.Build.0 = Debug|Any CPU
		{B2CF74BC-5F4A-473A-852A-B831C5B5F32D}.Release|Any CPU.ActiveCfg = Release|Any CPU
		{B2CF74BC-5F4A-473A-852A-B831C5B5F32D}.Release|Any CPU.Build.0 = Release|Any CPU
	EndGlobalSection
	GlobalSection(SolutionProperties) = preSolution
		HideSolutionNode = FALSE
	EndGlobalSection
EndGlobal
